// !$*UTF8*$!
{
	archiveVersion = 1;
	classes = {
	};
	objectVersion = 77;
	objects = {

/* Begin PBXBuildFile section */
		2AFD56EB4B7A995F1E433892 /* RenameTabView.swift in Sources */ = {isa = PBXBuildFile; fileRef = 6B411E05C2639E5ED95D0D4B /* RenameTabView.swift */; };
		2C6FF093C53146A87295A3CA /* AppState.swift in Sources */ = {isa = PBXBuildFile; fileRef = C7AC8B89AF49B4D7DD30D43E /* AppState.swift */; };
		40C46DA1D9E21AE81617F9DA /* ScraperTabView.swift in Sources */ = {isa = PBXBuildFile; fileRef = 5A9577E34F0F462187AE9CCD /* ScraperTabView.swift */; };
		44BD3C0FF28DF3BA849480DF /* ProgressSheetView.swift in Sources */ = {isa = PBXBuildFile; fileRef = 1A8FBD0B2D94758EAD6E6A97 /* ProgressSheetView.swift */; };
		48429A9BAA2B216645FCEC67 /* HealthCheckTabView.swift in Sources */ = {isa = PBXBuildFile; fileRef = ABBB083EAA1916CDA6D300A9 /* HealthCheckTabView.swift */; };
		591E9CD10A31DD6007707FBE /* MetadataTabView.swift in Sources */ = {isa = PBXBuildFile; fileRef = 058EC61AF71C66888E152900 /* MetadataTabView.swift */; };
		5A46741A4C03E08DF0D7EB66 /* AboutView.swift in Sources */ = {isa = PBXBuildFile; fileRef = 93E9A4B52C2402C53EB8FA8D /* AboutView.swift */; };
		854CC7D85575BBE5A1D2D70D /* ArtworkTabView.swift in Sources */ = {isa = PBXBuildFile; fileRef = AC94A641A6CAE791E9662488 /* ArtworkTabView.swift */; };
		8BD94FB20B141B858B71E7D8 /* ContentView.swift in Sources */ = {isa = PBXBuildFile; fileRef = F4CA7E0543D5EC2FD36740CE /* ContentView.swift */; };
		B64C73A9B2A708714D108A2F /* PlexNFOCore in Frameworks */ = {isa = PBXBuildFile; productRef = 13FB068B67480F3968B0DAD8 /* PlexNFOCore */; };
		C1C8CC78769175764A9ECB77 /* SettingsView.swift in Sources */ = {isa = PBXBuildFile; fileRef = 802C91DC1BA35DEA23E2D1D4 /* SettingsView.swift */; };
		D6E647F36C455E91DB9CDD11 /* FirstLaunchWizardView.swift in Sources */ = {isa = PBXBuildFile; fileRef = 9A8C42E1562B9DC3C2374C3B /* FirstLaunchWizardView.swift */; };
		E75BB3D6538B261C26622ACC /* PlexNFOCreatorApp.swift in Sources */ = {isa = PBXBuildFile; fileRef = 863729EFAA8AA8BC817C675F /* PlexNFOCreatorApp.swift */; };
/* End PBXBuildFile section */

/* Begin PBXFileReference section */
		058EC61AF71C66888E152900 /* MetadataTabView.swift */ = {isa = PBXFileReference; lastKnownFileType = sourcecode.swift; path = MetadataTabView.swift; sourceTree = "<group>"; };
		1A8FBD0B2D94758EAD6E6A97 /* ProgressSheetView.swift */ = {isa = PBXFileReference; lastKnownFileType = sourcecode.swift; path = ProgressSheetView.swift; sourceTree = "<group>"; };
		5A9577E34F0F462187AE9CCD /* ScraperTabView.swift */ = {isa = PBXFileReference; lastKnownFileType = sourcecode.swift; path = ScraperTabView.swift; sourceTree = "<group>"; };
		6539E0FAA4F85D86C13DC701 /* PlexNFOCreator.app */ = {isa = PBXFileReference; explicitFileType = wrapper.application; includeInIndex = 0; path = PlexNFOCreator.app; sourceTree = BUILT_PRODUCTS_DIR; };
		6B411E05C2639E5ED95D0D4B /* RenameTabView.swift */ = {isa = PBXFileReference; lastKnownFileType = sourcecode.swift; path = RenameTabView.swift; sourceTree = "<group>"; };
		802C91DC1BA35DEA23E2D1D4 /* SettingsView.swift */ = {isa = PBXFileReference; lastKnownFileType = sourcecode.swift; path = SettingsView.swift; sourceTree = "<group>"; };
		863729EFAA8AA8BC817C675F /* PlexNFOCreatorApp.swift */ = {isa = PBXFileReference; lastKnownFileType = sourcecode.swift; path = PlexNFOCreatorApp.swift; sourceTree = "<group>"; };
		93E9A4B52C2402C53EB8FA8D /* AboutView.swift */ = {isa = PBXFileReference; lastKnownFileType = sourcecode.swift; path = AboutView.swift; sourceTree = "<group>"; };
		9A8C42E1562B9DC3C2374C3B /* FirstLaunchWizardView.swift */ = {isa = PBXFileReference; lastKnownFileType = sourcecode.swift; path = FirstLaunchWizardView.swift; sourceTree = "<group>"; };
		ABBB083EAA1916CDA6D300A9 /* HealthCheckTabView.swift */ = {isa = PBXFileReference; lastKnownFileType = sourcecode.swift; path = HealthCheckTabView.swift; sourceTree = "<group>"; };
		AC94A641A6CAE791E9662488 /* ArtworkTabView.swift */ = {isa = PBXFileReference; lastKnownFileType = sourcecode.swift; path = ArtworkTabView.swift; sourceTree = "<group>"; };
		C7AC8B89AF49B4D7DD30D43E /* AppState.swift */ = {isa = PBXFileReference; lastKnownFileType = sourcecode.swift; path = AppState.swift; sourceTree = "<group>"; };
		CC9DCDD06EEA9BD8A3D87288 /* Native macOS App */ = {isa = PBXFileReference; lastKnownFileType = folder; name = "Native macOS App"; path = .; sourceTree = SOURCE_ROOT; };
		F4CA7E0543D5EC2FD36740CE /* ContentView.swift */ = {isa = PBXFileReference; lastKnownFileType = sourcecode.swift; path = ContentView.swift; sourceTree = "<group>"; };
/* End PBXFileReference section */

/* Begin PBXFrameworksBuildPhase section */
		6C09F7F5C34C5AA8DAF3A0CE /* Frameworks */ = {
			isa = PBXFrameworksBuildPhase;
			buildActionMask = 2147483647;
			files = (
				B64C73A9B2A708714D108A2F /* PlexNFOCore in Frameworks */,
			);
			runOnlyForDeploymentPostprocessing = 0;
		};
/* End PBXFrameworksBuildPhase section */

/* Begin PBXGroup section */
		7354B7BA0931328CF45F6F63 = {
			isa = PBXGroup;
			children = (
				B2BDB58522991ACE2EA8C636 /* Packages */,
				D45A85662F05899A0166AC56 /* PlexNFOCreator */,
				9817DACA1E39F3CFC2FFD830 /* Products */,
			);
			sourceTree = "<group>";
		};
		9817DACA1E39F3CFC2FFD830 /* Products */ = {
			isa = PBXGroup;
			children = (
				6539E0FAA4F85D86C13DC701 /* PlexNFOCreator.app */,
			);
			name = Products;
			sourceTree = "<group>";
		};
		B2BDB58522991ACE2EA8C636 /* Packages */ = {
			isa = PBXGroup;
			children = (
				CC9DCDD06EEA9BD8A3D87288 /* Native macOS App */,
			);
			path = Packages;
			sourceTree = "<group>";
		};
		D45A85662F05899A0166AC56 /* PlexNFOCreator */ = {
			isa = PBXGroup;
			children = (
				93E9A4B52C2402C53EB8FA8D /* AboutView.swift */,
				C7AC8B89AF49B4D7DD30D43E /* AppState.swift */,
				AC94A641A6CAE791E9662488 /* ArtworkTabView.swift */,
				F4CA7E0543D5EC2FD36740CE /* ContentView.swift */,
				9A8C42E1562B9DC3C2374C3B /* FirstLaunchWizardView.swift */,
				ABBB083EAA1916CDA6D300A9 /* HealthCheckTabView.swift */,
				058EC61AF71C66888E152900 /* MetadataTabView.swift */,
				863729EFAA8AA8BC817C675F /* PlexNFOCreatorApp.swift */,
				1A8FBD0B2D94758EAD6E6A97 /* ProgressSheetView.swift */,
				6B411E05C2639E5ED95D0D4B /* RenameTabView.swift */,
				5A9577E34F0F462187AE9CCD /* ScraperTabView.swift */,
				802C91DC1BA35DEA23E2D1D4 /* SettingsView.swift */,
			);
			name = PlexNFOCreator;
			path = PlexNFOCreator/Sources/PlexNFOCreator;
			sourceTree = "<group>";
		};
/* End PBXGroup section */

/* Begin PBXNativeTarget section */
		17BFC665146BC300BC71360D /* PlexNFOCreator */ = {
			isa = PBXNativeTarget;
			buildConfigurationList = DEE8385EE2BC788941B6D9B1 /* Build configuration list for PBXNativeTarget "PlexNFOCreator" */;
			buildPhases = (
				873D91F5C5C0530196470097 /* Sources */,
				6C09F7F5C34C5AA8DAF3A0CE /* Frameworks */,
			);
			buildRules = (
			);
			dependencies = (
			);
			name = PlexNFOCreator;
			packageProductDependencies = (
				13FB068B67480F3968B0DAD8 /* PlexNFOCore */,
			);
			productName = PlexNFOCreator;
			productReference = 6539E0FAA4F85D86C13DC701 /* PlexNFOCreator.app */;
			productType = "com.apple.product-type.application";
		};
/* End PBXNativeTarget section */

/* Begin PBXProject section */
		944606FA3B4B3FA8CA2CDB78 /* Project object */ = {
			isa = PBXProject;
			attributes = {
				BuildIndependentTargetsInParallel = YES;
				LastUpgradeCheck = 1430;
				TargetAttributes = {
				};
			};
			buildConfigurationList = 6C6B382D2C82E15E8CCF6645 /* Build configuration list for PBXProject "PlexNFOCreator" */;
			developmentRegion = en;
			hasScannedForEncodings = 0;
			knownRegions = (
				Base,
				en,
			);
			mainGroup = 7354B7BA0931328CF45F6F63;
			minimizedProjectReferenceProxies = 1;
			packageReferences = (
				BBB1E1CD24EA9F035F3FA91F /* XCLocalSwiftPackageReference "." */,
			);
			preferredProjectObjectVersion = 77;
			productRefGroup = 9817DACA1E39F3CFC2FFD830 /* Products */;
			projectDirPath = "";
			projectRoot = "";
			targets = (
				17BFC665146BC300BC71360D /* PlexNFOCreator */,
			);
		};
/* End PBXProject section */

/* Begin PBXSourcesBuildPhase section */
		873D91F5C5C0530196470097 /* Sources */ = {
			isa = PBXSourcesBuildPhase;
			buildActionMask = 2147483647;
			files = (
				5A46741A4C03E08DF0D7EB66 /* AboutView.swift in Sources */,
				2C6FF093C53146A87295A3CA /* AppState.swift in Sources */,
				854CC7D85575BBE5A1D2D70D /* ArtworkTabView.swift in Sources */,
				8BD94FB20B141B858B71E7D8 /* ContentView.swift in Sources */,
				D6E647F36C455E91DB9CDD11 /* FirstLaunchWizardView.swift in Sources */,
				48429A9BAA2B216645FCEC67 /* HealthCheckTabView.swift in Sources */,
				591E9CD10A31DD6007707FBE /* MetadataTabView.swift in Sources */,
				E75BB3D6538B261C26622ACC /* PlexNFOCreatorApp.swift in Sources */,
				44BD3C0FF28DF3BA849480DF /* ProgressSheetView.swift in Sources */,
				2AFD56EB4B7A995F1E433892 /* RenameTabView.swift in Sources */,
				40C46DA1D9E21AE81617F9DA /* ScraperTabView.swift in Sources */,
				C1C8CC78769175764A9ECB77 /* SettingsView.swift in Sources */,
			);
			runOnlyForDeploymentPostprocessing = 0;
		};
/* End PBXSourcesBuildPhase section */

/* Begin XCBuildConfiguration section */
		3D980142AD9596258F9B481C /* Release */ = {
			isa = XCBuildConfiguration;
			buildSettings = {
				ALWAYS_SEARCH_USER_PATHS = NO;
				CLANG_ANALYZER_NONNULL = YES;
				CLANG_ANALYZER_NUMBER_OBJECT_CONVERSION = YES_AGGRESSIVE;
				CLANG_CXX_LANGUAGE_STANDARD = "gnu++14";
				CLANG_CXX_LIBRARY = "libc++";
				CLANG_ENABLE_MODULES = YES;
				CLANG_ENABLE_OBJC_ARC = YES;
				CLANG_ENABLE_OBJC_WEAK = YES;
				CLANG_WARN_BLOCK_CAPTURE_AUTORELEASING = YES;
				CLANG_WARN_BOOL_CONVERSION = YES;
				CLANG_WARN_COMMA = YES;
				CLANG_WARN_CONSTANT_CONVERSION = YES;
				CLANG_WARN_DEPRECATED_OBJC_IMPLEMENTATIONS = YES;
				CLANG_WARN_DIRECT_OBJC_ISA_USAGE = YES_ERROR;
				CLANG_WARN_DOCUMENTATION_COMMENTS = YES;
				CLANG_WARN_EMPTY_BODY = YES;
				CLANG_WARN_ENUM_CONVERSION = YES;
				CLANG_WARN_INFINITE_RECURSION = YES;
				CLANG_WARN_INT_CONVERSION = YES;
				CLANG_WARN_NON_LITERAL_NULL_CONVERSION = YES;
				CLANG_WARN_OBJC_IMPLICIT_RETAIN_SELF = YES;
				CLANG_WARN_OBJC_LITERAL_CONVERSION = YES;
				CLANG_WARN_OBJC_ROOT_CLASS = YES_ERROR;
				CLANG_WARN_QUOTED_INCLUDE_IN_FRAMEWORK_HEADER = YES;
				CLANG_WARN_RANGE_LOOP_ANALYSIS = YES;
				CLANG_WARN_STRICT_PROTOTYPES = YES;
				CLANG_WARN_SUSPICIOUS_MOVE = YES;
				CLANG_WARN_UNGUARDED_AVAILABILITY = YES_AGGRESSIVE;
				CLANG_WARN_UNREACHABLE_CODE = YES;
				CLANG_WARN__DUPLICATE_METHOD_MATCH = YES;
				COPY_PHASE_STRIP = NO;
				DEBUG_INFORMATION_FORMAT = "dwarf-with-dsym";
				ENABLE_NS_ASSERTIONS = NO;
				ENABLE_STRICT_OBJC_MSGSEND = YES;
				GCC_C_LANGUAGE_STANDARD = gnu11;
				GCC_NO_COMMON_BLOCKS = YES;
				GCC_WARN_64_TO_32_BIT_CONVERSION = YES;
				GCC_WARN_ABOUT_RETURN_TYPE = YES_ERROR;
				GCC_WARN_UNDECLARED_SELECTOR = YES;
				GCC_WARN_UNINITIALIZED_AUTOS = YES_AGGRESSIVE;
				GCC_WARN_UNUSED_FUNCTION = YES;
				GCC_WARN_UNUSED_VARIABLE = YES;
				MACOSX_DEPLOYMENT_TARGET = 14.0;
				MTL_ENABLE_DEBUG_INFO = NO;
				MTL_FAST_MATH = YES;
				PRODUCT_NAME = "$(TARGET_NAME)";
				SDKROOT = macosx;
				SWIFT_COMPILATION_MODE = wholemodule;
				SWIFT_OPTIMIZATION_LEVEL = "-O";
				SWIFT_VERSION = 5.0;
			};
			name = Release;
		};
		4027185A955FA983A0D02F0E /* Debug */ = {
			isa = XCBuildConfiguration;
			buildSettings = {
				ASSETCATALOG_COMPILER_APPICON_NAME = AppIcon;
				COMBINE_HIDPI_IMAGES = YES;
				CURRENT_PROJECT_VERSION = 1;
				GENERATE_INFOPLIST_FILE = YES;
				LD_RUNPATH_SEARCH_PATHS = (
					"$(inherited)",
					"@executable_path/../Frameworks",
				);
				MACOSX_DEPLOYMENT_TARGET = 14.0;
				MARKETING_VERSION = 0.1.0;
				PRODUCT_BUNDLE_IDENTIFIER = com.roto31.PlexNFOCreator;
				SDKROOT = macosx;
				SWIFT_VERSION = 5.9;
			};
			name = Debug;
		};
		50DB5EAE0765F42A069D0E0F /* Release */ = {
			isa = XCBuildConfiguration;
			buildSettings = {
				ASSETCATALOG_COMPILER_APPICON_NAME = AppIcon;
				COMBINE_HIDPI_IMAGES = YES;
				CURRENT_PROJECT_VERSION = 1;
				GENERATE_INFOPLIST_FILE = YES;
				LD_RUNPATH_SEARCH_PATHS = (
					"$(inherited)",
					"@executable_path/../Frameworks",
				);
				MACOSX_DEPLOYMENT_TARGET = 14.0;
				MARKETING_VERSION = 0.1.0;
				PRODUCT_BUNDLE_IDENTIFIER = com.roto31.PlexNFOCreator;
				SDKROOT = macosx;
				SWIFT_VERSION = 5.9;
			};
			name = Release;
		};
		667BCD704C818B109C1285A4 /* Debug */ = {
			isa = XCBuildConfiguration;
			buildSettings = {
				ALWAYS_SEARCH_USER_PATHS = NO;
				CLANG_ANALYZER_NONNULL = YES;
				CLANG_ANALYZER_NUMBER_OBJECT_CONVERSION = YES_AGGRESSIVE;
				CLANG_CXX_LANGUAGE_STANDARD = "gnu++14";
				CLANG_CXX_LIBRARY = "libc++";
				CLANG_ENABLE_MODULES = YES;
				CLANG_ENABLE_OBJC_ARC = YES;
				CLANG_ENABLE_OBJC_WEAK = YES;
				CLANG_WARN_BLOCK_CAPTURE_AUTORELEASING = YES;
				CLANG_WARN_BOOL_CONVERSION = YES;
				CLANG_WARN_COMMA = YES;
				CLANG_WARN_CONSTANT_CONVERSION = YES;
				CLANG_WARN_DEPRECATED_OBJC_IMPLEMENTATIONS = YES;
				CLANG_WARN_DIRECT_OBJC_ISA_USAGE = YES_ERROR;
				CLANG_WARN_DOCUMENTATION_COMMENTS = YES;
				CLANG_WARN_EMPTY_BODY = YES;
				CLANG_WARN_ENUM_CONVERSION = YES;
				CLANG_WARN_INFINITE_RECURSION = YES;
				CLANG_WARN_INT_CONVERSION = YES;
				CLANG_WARN_NON_LITERAL_NULL_CONVERSION = YES;
				CLANG_WARN_OBJC_IMPLICIT_RETAIN_SELF = YES;
				CLANG_WARN_OBJC_LITERAL_CONVERSION = YES;
				CLANG_WARN_OBJC_ROOT_CLASS = YES_ERROR;
				CLANG_WARN_QUOTED_INCLUDE_IN_FRAMEWORK_HEADER = YES;
				CLANG_WARN_RANGE_LOOP_ANALYSIS = YES;
				CLANG_WARN_STRICT_PROTOTYPES = YES;
				CLANG_WARN_SUSPICIOUS_MOVE = YES;
				CLANG_WARN_UNGUARDED_AVAILABILITY = YES_AGGRESSIVE;
				CLANG_WARN_UNREACHABLE_CODE = YES;
				CLANG_WARN__DUPLICATE_METHOD_MATCH = YES;
				COPY_PHASE_STRIP = NO;
				DEBUG_INFORMATION_FORMAT = dwarf;
				ENABLE_STRICT_OBJC_MSGSEND = YES;
				ENABLE_TESTABILITY = YES;
				GCC_C_LANGUAGE_STANDARD = gnu11;
				GCC_DYNAMIC_NO_PIC = NO;
				GCC_NO_COMMON_BLOCKS = YES;
				GCC_OPTIMIZATION_LEVEL = 0;
				GCC_PREPROCESSOR_DEFINITIONS = (
					"$(inherited)",
					"DEBUG=1",
				);
				GCC_WARN_64_TO_32_BIT_CONVERSION = YES;
				GCC_WARN_ABOUT_RETURN_TYPE = YES_ERROR;
				GCC_WARN_UNDECLARED_SELECTOR = YES;
				GCC_WARN_UNINITIALIZED_AUTOS = YES_AGGRESSIVE;
				GCC_WARN_UNUSED_FUNCTION = YES;
				GCC_WARN_UNUSED_VARIABLE = YES;
				MACOSX_DEPLOYMENT_TARGET = 14.0;
				MTL_ENABLE_DEBUG_INFO = INCLUDE_SOURCE;
				MTL_FAST_MATH = YES;
				ONLY_ACTIVE_ARCH = YES;
				PRODUCT_NAME = "$(TARGET_NAME)";
				SDKROOT = macosx;
				SWIFT_ACTIVE_COMPILATION_CONDITIONS = DEBUG;
				SWIFT_OPTIMIZATION_LEVEL = "-Onone";
				SWIFT_VERSION = 5.0;
			};
			name = Debug;
		};
/* End XCBuildConfiguration section */

/* Begin XCConfigurationList section */
		6C6B382D2C82E15E8CCF6645 /* Build configuration list for PBXProject "PlexNFOCreator" */ = {
			isa = XCConfigurationList;
			buildConfigurations = (
				667BCD704C818B109C1285A4 /* Debug */,
				3D980142AD9596258F9B481C /* Release */,
			);
			defaultConfigurationIsVisible = 0;
			defaultConfigurationName = Debug;
		};
		DEE8385EE2BC788941B6D9B1 /* Build configuration list for PBXNativeTarget "PlexNFOCreator" */ = {
			isa = XCConfigurationList;
			buildConfigurations = (
				4027185A955FA983A0D02F0E /* Debug */,
				50DB5EAE0765F42A069D0E0F /* Release */,
			);
			defaultConfigurationIsVisible = 0;
			defaultConfigurationName = Debug;
		};
/* End XCConfigurationList section */

/* Begin XCLocalSwiftPackageReference section */
		BBB1E1CD24EA9F035F3FA91F /* XCLocalSwiftPackageReference "." */ = {
			isa = XCLocalSwiftPackageReference;
			relativePath = .;
		};
/* End XCLocalSwiftPackageReference section */

/* Begin XCSwiftPackageProductDependency section */
		13FB068B67480F3968B0DAD8 /* PlexNFOCore */ = {
			isa = XCSwiftPackageProductDependency;
			productName = PlexNFOCore;
		};
/* End XCSwiftPackageProductDependency section */
	};
	rootObject = 944606FA3B4B3FA8CA2CDB78 /* Project object */;
}
